
Microsoft Visual Studio Solution File, Format Version 12.00
# Visual Studio Version 17
VisualStudioVersion = 17.3.32922.545
MinimumVisualStudioVersion = 10.0.40219.1
Project("{FAE04EC0-301F-11D3-BF4B-00C04F79EFBC}") = "CityPopulation", "CityPopulation\CityPopulation.csproj", "{F22D3E88-AD87-4D38-9356-E1A18891B590}"
EndProject
Project("{FAE04EC0-301F-11D3-BF4B-00C04F79EFBC}") = "CityPopulation_Test", "CityPopulation_Test\CityPopulation_Test.csproj", "{A118059E-9C11-4B98-A1E5-973D205E5AE8}"
EndProject
Global
	GlobalSection(SolutionConfigurationPlatforms) = preSolution
		Debug|Any CPU = Debug|Any CPU
		Release|Any CPU = Release|Any CPU
	EndGlobalSection
	GlobalSection(ProjectConfigurationPlatforms) = postSolution
		{F22D3E88-AD87-4D38-9356-E1A18891B590}.Debug|Any CPU.ActiveCfg = Debug|Any CPU
		{F22D3E88-AD87-4D38-9356-E1A18891B590}.Debug|Any CPU.Build.0 = Debug|Any CPU
		{F22D3E88-AD87-4D38-9356-E1A18891B590}.Release|Any CPU.ActiveCfg = Release|Any CPU
		{F22D3E88-AD87-4D38-9356-E1A18891B590}.Release|Any CPU.Build.0 = Release|Any CPU
		{A118059E-9C11-4B98-A1E5-973D205E5AE8}.Debug|Any CPU.ActiveCfg = Debug|Any CPU
		{A118059E-9C11-4B98-A1E5-973D205E5AE8}.Debug|Any CPU.Build.0 = Debug|Any CPU
		{A118059E-9C11-4B98-A1E5-973D205E5AE8}.Release|Any CPU.ActiveCfg = Release|Any CPU
		{A118059E-9C11-4B98-A1E5-973D205E5AE8}.Release|Any CPU.Build.0 = Release|Any CPU
	EndGlobalSection
	GlobalSection(SolutionProperties) = preSolution
		HideSolutionNode = FALSE
	EndGlobalSection
	GlobalSection(ExtensibilityGlobals) = postSolution
		SolutionGuid = {D67B1D0E-1FB5-40A5-88F1-7FB919E853CE}
	EndGlobalSection
EndGlobal
